// !$*UTF8*$!
{
	archiveVersion = 1;
	classes = {
	};
	objectVersion = 77;
	objects = {

/* Begin PBXContainerItemProxy section */
		F5CB0A8C2E2F469900C27A78 /* PBXContainerItemProxy */ = {
			isa = PBXContainerItemProxy;
			containerPortal = F5CB0A6D2E2F469800C27A78 /* Project object */;
			proxyType = 1;
			remoteGlobalIDString = F5CB0A742E2F469800C27A78;
			remoteInfo = ApplePie;
		};
		F5CB0A962E2F469900C27A78 /* PBXContainerItemProxy */ = {
			isa = PBXContainerItemProxy;
			containerPortal = F5CB0A6D2E2F469800C27A78 /* Project object */;
			proxyType = 1;
			remoteGlobalIDString = F5CB0A742E2F469800C27A78;
			remoteInfo = ApplePie;
		};
/* End PBXContainerItemProxy section */

/* Begin PBXFileReference section */
		F5CB0A752E2F469800C27A78 /* ApplePie.app */ = {isa = PBXFileReference; explicitFileType = wrapper.application; includeInIndex = 0; path = ApplePie.app; sourceTree = BUILT_PRODUCTS_DIR; };
		F5CB0A8B2E2F469900C27A78 /* ApplePieTests.xctest */ = {isa = PBXFileReference; explicitFileType = wrapper.cfbundle; includeInIndex = 0; path = ApplePieTests.xctest; sourceTree = BUILT_PRODUCTS_DIR; };
		F5CB0A952E2F469900C27A78 /* ApplePieUITests.xctest */ = {isa = PBXFileReference; explicitFileType = wrapper.cfbundle; includeInIndex = 0; path = ApplePieUITests.xctest; sourceTree = BUILT_PRODUCTS_DIR; };
/* End PBXFileReference section */

/* Begin PBXFileSystemSynchronizedBuildFileExceptionSet section */
		F5CB0A9D2E2F469900C27A78 /* Exceptions for "ApplePie" folder in "ApplePie" target */ = {
			isa = PBXFileSystemSynchronizedBuildFileExceptionSet;
			membershipExceptions = (
				Info.plist,
			);
			target = F5CB0A742E2F469800C27A78 /* ApplePie */;
		};
/* End PBXFileSystemSynchronizedBuildFileExceptionSet section */

/* Begin PBXFileSystemSynchronizedRootGroup section */
		F5CB0A772E2F469800C27A78 /* ApplePie */ = {
			isa = PBXFileSystemSynchronizedRootGroup;
			exceptions = (
				F5CB0A9D2E2F469900C27A78 /* Exceptions for "ApplePie" folder in "ApplePie" target */,
			);
			path = ApplePie;
			sourceTree = "<group>";
		};
		F5CB0A8E2E2F469900C27A78 /* ApplePieTests */ = {
			isa = PBXFileSystemSynchronizedRootGroup;
			path = ApplePieTests;
			sourceTree = "<group>";
		};
		F5CB0A982E2F469900C27A78 /* ApplePieUITests */ = {
			isa = PBXFileSystemSynchronizedRootGroup;
			path = ApplePieUITests;
			sourceTree = "<group>";
		};
/* End PBXFileSystemSynchronizedRootGroup section */

/* Begin PBXFrameworksBuildPhase section */
		F5CB0A722E2F469800C27A78 /* Frameworks */ = {
			isa = PBXFrameworksBuildPhase;
			buildActionMask = 2147483647;
			files = (
			);
			runOnlyForDeploymentPostprocessing = 0;
		};
		F5CB0A882E2F469900C27A78 /* Frameworks */ = {
			isa = PBXFrameworksBuildPhase;
			buildActionMask = 2147483647;
			files = (
			);
			runOnlyForDeploymentPostprocessing = 0;
		};
		F5CB0A922E2F469900C27A78 /* Frameworks */ = {
			isa = PBXFrameworksBuildPhase;
			buildActionMask = 2147483647;
			files = (
			);
			runOnlyForDeploymentPostprocessing = 0;
		};
/* End PBXFrameworksBuildPhase section */

/* Begin PBXGroup section */
		F5CB0A6C2E2F469800C27A78 = {
			isa = PBXGroup;
			children = (
				F5CB0A772E2F469800C27A78 /* ApplePie */,
				F5CB0A8E2E2F469900C27A78 /* ApplePieTests */,
				F5CB0A982E2F469900C27A78 /* ApplePieUITests */,
				F5CB0A762E2F469800C27A78 /* Products */,
			);
			sourceTree = "<group>";
		};
		F5CB0A762E2F469800C27A78 /* Products */ = {
			isa = PBXGroup;
			children = (
				F5CB0A752E2F469800C27A78 /* ApplePie.app */,
				F5CB0A8B2E2F469900C27A78 /* ApplePieTests.xctest */,
				F5CB0A952E2F469900C27A78 /* ApplePieUITests.xctest */,
			);
			name = Products;
			sourceTree = "<group>";
		};
/* End PBXGroup section */

/* Begin PBXNativeTarget section */
		F5CB0A742E2F469800C27A78 /* ApplePie */ = {
			isa = PBXNativeTarget;
			buildConfigurationList = F5CB0A9E2E2F469900C27A78 /* Build configuration list for PBXNativeTarget "ApplePie" */;
			buildPhases = (
				F5CB0A712E2F469800C27A78 /* Sources */,
				F5CB0A722E2F469800C27A78 /* Frameworks */,
				F5CB0A732E2F469800C27A78 /* Resources */,
			);
			buildRules = (
			);
			dependencies = (
			);
			fileSystemSynchronizedGroups = (
				F5CB0A772E2F469800C27A78 /* ApplePie */,
			);
			name = ApplePie;
			packageProductDependencies = (
			);
			productName = ApplePie;
			productReference = F5CB0A752E2F469800C27A78 /* ApplePie.app */;
			productType = "com.apple.product-type.application";
		};
		F5CB0A8A2E2F469900C27A78 /* ApplePieTests */ = {
			isa = PBXNativeTarget;
			buildConfigurationList = F5CB0AA32E2F469900C27A78 /* Build configuration list for PBXNativeTarget "ApplePieTests" */;
			buildPhases = (
				F5CB0A872E2F469900C27A78 /* Sources */,
				F5CB0A882E2F469900C27A78 /* Frameworks */,
				F5CB0A892E2F469900C27A78 /* Resources */,
			);
			buildRules = (
			);
			dependencies = (
				F5CB0A8D2E2F469900C27A78 /* PBXTargetDependency */,
			);
			fileSystemSynchronizedGroups = (
				F5CB0A8E2E2F469900C27A78 /* ApplePieTests */,
			);
			name = ApplePieTests;
			packageProductDependencies = (
			);
			productName = ApplePieTests;
			productReference = F5CB0A8B2E2F469900C27A78 /* ApplePieTests.xctest */;
			productType = "com.apple.product-type.bundle.unit-test";
		};
		F5CB0A942E2F469900C27A78 /* ApplePieUITests */ = {
			isa = PBXNativeTarget;
			buildConfigurationList = F5CB0AA62E2F469900C27A78 /* Build configuration list for PBXNativeTarget "ApplePieUITests" */;
			buildPhases = (
				F5CB0A912E2F469900C27A78 /* Sources */,
				F5CB0A922E2F469900C27A78 /* Frameworks */,
				F5CB0A932E2F469900C27A78 /* Resources */,
			);
			buildRules = (
			);
			dependencies = (
				F5CB0A972E2F469900C27A78 /* PBXTargetDependency */,
			);
			fileSystemSynchronizedGroups = (
				F5CB0A982E2F469900C27A78 /* ApplePieUITests */,
			);
			name = ApplePieUITests;
			packageProductDependencies = (
			);
			productName = ApplePieUITests;
			productReference = F5CB0A952E2F469900C27A78 /* ApplePieUITests.xctest */;
			productType = "com.apple.product-type.bundle.ui-testing";
		};
/* End PBXNativeTarget section */

/* Begin PBXProject section */
		F5CB0A6D2E2F469800C27A78 /* Project object */ = {
			isa = PBXProject;
			attributes = {
				BuildIndependentTargetsInParallel = 1;
				LastSwiftUpdateCheck = 1640;
				LastUpgradeCheck = 1640;
				TargetAttributes = {
					F5CB0A742E2F469800C27A78 = {
						CreatedOnToolsVersion = 16.4;
					};
					F5CB0A8A2E2F469900C27A78 = {
						CreatedOnToolsVersion = 16.4;
						TestTargetID = F5CB0A742E2F469800C27A78;
					};
					F5CB0A942E2F469900C27A78 = {
						CreatedOnToolsVersion = 16.4;
						TestTargetID = F5CB0A742E2F469800C27A78;
					};
				};
			};
			buildConfigurationList = F5CB0A702E2F469800C27A78 /* Build configuration list for PBXProject "ApplePie" */;
			developmentRegion = en;
			hasScannedForEncodings = 0;
			knownRegions = (
				en,
				Base,
			);
			mainGroup = F5CB0A6C2E2F469800C27A78;
			minimizedProjectReferenceProxies = 1;
			preferredProjectObjectVersion = 77;
			productRefGroup = F5CB0A762E2F469800C27A78 /* Products */;
			projectDirPath = "";
			projectRoot = "";
			targets = (
				F5CB0A742E2F469800C27A78 /* ApplePie */,
				F5CB0A8A2E2F469900C27A78 /* ApplePieTests */,
				F5CB0A942E2F469900C27A78 /* ApplePieUITests */,
			);
		};
/* End PBXProject section */

/* Begin PBXResourcesBuildPhase section */
		F5CB0A732E2F469800C27A78 /* Resources */ = {
			isa = PBXResourcesBuildPhase;
			buildActionMask = 2147483647;
			files = (
			);
			runOnlyForDeploymentPostprocessing = 0;
		};
		F5CB0A892E2F469900C27A78 /* Resources */ = {
			isa = PBXResourcesBuildPhase;
			buildActionMask = 2147483647;
			files = (
			);
			runOnlyForDeploymentPostprocessing = 0;
		};
		F5CB0A932E2F469900C27A78 /* Resources */ = {
			isa = PBXResourcesBuildPhase;
			buildActionMask = 2147483647;
			files = (
			);
			runOnlyForDeploymentPostprocessing = 0;
		};
/* End PBXResourcesBuildPhase section */

/* Begin PBXSourcesBuildPhase section */
		F5CB0A712E2F469800C27A78 /* Sources */ = {
			isa = PBXSourcesBuildPhase;
			buildActionMask = 2147483647;
			files = (
			);
			runOnlyForDeploymentPostprocessing = 0;
		};
		F5CB0A872E2F469900C27A78 /* Sources */ = {
			isa = PBXSourcesBuildPhase;
			buildActionMask = 2147483647;
			files = (
			);
			runOnlyForDeploymentPostprocessing = 0;
		};
		F5CB0A912E2F469900C27A78 /* Sources */ = {
			isa = PBXSourcesBuildPhase;
			buildActionMask = 2147483647;
			files = (
			);
			runOnlyForDeploymentPostprocessing = 0;
		};
/* End PBXSourcesBuildPhase section */

/* Begin PBXTargetDependency section */
		F5CB0A8D2E2F469900C27A78 /* PBXTargetDependency */ = {
			isa = PBXTargetDependency;
			target = F5CB0A742E2F469800C27A78 /* ApplePie */;
			targetProxy = F5CB0A8C2E2F469900C27A78 /* PBXContainerItemProxy */;
		};
		F5CB0A972E2F469900C27A78 /* PBXTargetDependency */ = {
			isa = PBXTargetDependency;
			target = F5CB0A742E2F469800C27A78 /* ApplePie */;
			targetProxy = F5CB0A962E2F469900C27A78 /* PBXContainerItemProxy */;
		};
/* End PBXTargetDependency section */

/* Begin XCBuildConfiguration section */
		F5CB0A9F2E2F469900C27A78 /* Debug */ = {
			isa = XCBuildConfiguration;
			buildSettings = {
				ASSETCATALOG_COMPILER_APPICON_NAME = AppIcon;
				ASSETCATALOG_COMPILER_GLOBAL_ACCENT_COLOR_NAME = AccentColor;
				CODE_SIGN_STYLE = Automatic;
				CURRENT_PROJECT_VERSION = 1;
				GENERATE_INFOPLIST_FILE = YES;
				INFOPLIST_FILE = ApplePie/Info.plist;
				INFOPLIST_KEY_UIApplicationSupportsIndirectInputEvents = YES;
				INFOPLIST_KEY_UILaunchStoryboardName = LaunchScreen;
				INFOPLIST_KEY_UIMainStoryboardFile = Main;
				INFOPLIST_KEY_UISupportedInterfaceOrientations_iPad = "UIInterfaceOrientationPortrait UIInterfaceOrientationPortraitUpsideDown UIInterfaceOrientationLandscapeLeft UIInterfaceOrientationLandscapeRight";
				INFOPLIST_KEY_UISupportedInterfaceOrientations_iPhone = "UIInterfaceOrientationPortrait UIInterfaceOrientationLandscapeLeft UIInterfaceOrientationLandscapeRight";
				LD_RUNPATH_SEARCH_PATHS = (
					"$(inherited)",
					"@executable_path/Frameworks",
				);
				MARKETING_VERSION = 1.0;
				PRODUCT_BUNDLE_IDENTIFIER = com.yatish.ApplePie;
				PRODUCT_NAME = "$(TARGET_NAME)";
				SUPPORTED_PLATFORMS = "iphoneos iphonesimulator";
				SUPPORTS_MACCATALYST = NO;
				SUPPORTS_MAC_DESIGNED_FOR_IPHONE_IPAD = NO;
				SUPPORTS_XR_DESIGNED_FOR_IPHONE_IPAD = NO;
				SWIFT_EMIT_LOC_STRINGS = YES;
				SWIFT_VERSION = 5.0;
				TARGETED_DEVICE_FAMILY = 2;
			};
			name = Debug;
		};
		F5CB0AA02E2F469900C27A78 /* Release */ = {
			isa = XCBuildConfiguration;
			buildSettings = {
				ASSETCATALOG_COMPILER_APPICON_NAME = AppIcon;
				ASSETCATALOG_COMPILER_GLOBAL_ACCENT_COLOR_NAME = AccentColor;
				CODE_SIGN_STYLE = Automatic;
				CURRENT_PROJECT_VERSION = 1;
				GENERATE_INFOPLIST_FILE = YES;
				INFOPLIST_FILE = ApplePie/Info.plist;
				INFOPLIST_KEY_UIApplicationSupportsIndirectInputEvents = YES;
				INFOPLIST_KEY_UILaunchStoryboardName = LaunchScreen;
				INFOPLIST_KEY_UIMainStoryboardFile = Main;
				INFOPLIST_KEY_UISupportedInterfaceOrientations_iPad = "UIInterfaceOrientationPortrait UIInterfaceOrientationPortraitUpsideDown UIInterfaceOrientationLandscapeLeft UIInterfaceOrientationLandscapeRight";
				INFOPLIST_KEY_UISupportedInterfaceOrientations_iPhone = "UIInterfaceOrientationPortrait UIInterfaceOrientationLandscapeLeft UIInterfaceOrientationLandscapeRight";
				LD_RUNPATH_SEARCH_PATHS = (
					"$(inherited)",
					"@executable_path/Frameworks",
				);
				MARKETING_VERSION = 1.0;
				PRODUCT_BUNDLE_IDENTIFIER = com.yatish.ApplePie;
				PRODUCT_NAME = "$(TARGET_NAME)";
				SUPPORTED_PLATFORMS = "iphoneos iphonesimulator";
				SUPPORTS_MACCATALYST = NO;
				SUPPORTS_MAC_DESIGNED_FOR_IPHONE_IPAD = NO;
				SUPPORTS_XR_DESIGNED_FOR_IPHONE_IPAD = NO;
				SWIFT_EMIT_LOC_STRINGS = YES;
				SWIFT_VERSION = 5.0;
				TARGETED_DEVICE_FAMILY = 2;
			};
			name = Release;
		};
		F5CB0AA12E2F469900C27A78 /* Debug */ = {
			isa = XCBuildConfiguration;
			buildSettings = {
				ALWAYS_SEARCH_USER_PATHS = NO;
				ASSETCATALOG_COMPILER_GENERATE_SWIFT_ASSET_SYMBOL_EXTENSIONS = YES;
				CLANG_ANALYZER_NONNULL = YES;
				CLANG_ANALYZER_NUMBER_OBJECT_CONVERSION = YES_AGGRESSIVE;
				CLANG_CXX_LANGUAGE_STANDARD = "gnu++20";
				CLANG_ENABLE_MODULES = YES;
				CLANG_ENABLE_OBJC_ARC = YES;
				CLANG_ENABLE_OBJC_WEAK = YES;
				CLANG_WARN_BLOCK_CAPTURE_AUTORELEASING = YES;
				CLANG_WARN_BOOL_CONVERSION = YES;
				CLANG_WARN_COMMA = YES;
				CLANG_WARN_CONSTANT_CONVERSION = YES;
				CLANG_WARN_DEPRECATED_OBJC_IMPLEMENTATIONS = YES;
				CLANG_WARN_DIRECT_OBJC_ISA_USAGE = YES_ERROR;
				CLANG_WARN_DOCUMENTATION_COMMENTS = YES;
				CLANG_WARN_EMPTY_BODY = YES;
				CLANG_WARN_ENUM_CONVERSION = YES;
				CLANG_WARN_INFINITE_RECURSION = YES;
				CLANG_WARN_INT_CONVERSION = YES;
				CLANG_WARN_NON_LITERAL_NULL_CONVERSION = YES;
				CLANG_WARN_OBJC_IMPLICIT_RETAIN_SELF = YES;
				CLANG_WARN_OBJC_LITERAL_CONVERSION = YES;
				CLANG_WARN_OBJC_ROOT_CLASS = YES_ERROR;
				CLANG_WARN_QUOTED_INCLUDE_IN_FRAMEWORK_HEADER = YES;
				CLANG_WARN_RANGE_LOOP_ANALYSIS = YES;
				CLANG_WARN_STRICT_PROTOTYPES = YES;
				CLANG_WARN_SUSPICIOUS_MOVE = YES;
				CLANG_WARN_UNGUARDED_AVAILABILITY = YES_AGGRESSIVE;
				CLANG_WARN_UNREACHABLE_CODE = YES;
				CLANG_WARN__DUPLICATE_METHOD_MATCH = YES;
				COPY_PHASE_STRIP = NO;
				DEBUG_INFORMATION_FORMAT = dwarf;
				ENABLE_STRICT_OBJC_MSGSEND = YES;
				ENABLE_TESTABILITY = YES;
				ENABLE_USER_SCRIPT_SANDBOXING = YES;
				GCC_C_LANGUAGE_STANDARD = gnu17;
				GCC_DYNAMIC_NO_PIC = NO;
				GCC_NO_COMMON_BLOCKS = YES;
				GCC_OPTIMIZATION_LEVEL = 0;
				GCC_PREPROCESSOR_DEFINITIONS = (
					"DEBUG=1",
					"$(inherited)",
				);
				GCC_WARN_64_TO_32_BIT_CONVERSION = YES;
				GCC_WARN_ABOUT_RETURN_TYPE = YES_ERROR;
				GCC_WARN_UNDECLARED_SELECTOR = YES;
				GCC_WARN_UNINITIALIZED_AUTOS = YES_AGGRESSIVE;
				GCC_WARN_UNUSED_FUNCTION = YES;
				GCC_WARN_UNUSED_VARIABLE = YES;
				IPHONEOS_DEPLOYMENT_TARGET = 18.5;
				LOCALIZATION_PREFERS_STRING_CATALOGS = YES;
				MTL_ENABLE_DEBUG_INFO = INCLUDE_SOURCE;
				MTL_FAST_MATH = YES;
				ONLY_ACTIVE_ARCH = YES;
				SDKROOT = iphoneos;
				SWIFT_ACTIVE_COMPILATION_CONDITIONS = "DEBUG $(inherited)";
				SWIFT_OPTIMIZATION_LEVEL = "-Onone";
			};
			name = Debug;
		};
		F5CB0AA22E2F469900C27A78 /* Release */ = {
			isa = XCBuildConfiguration;
			buildSettings = {
				ALWAYS_SEARCH_USER_PATHS = NO;
				ASSETCATALOG_COMPILER_GENERATE_SWIFT_ASSET_SYMBOL_EXTENSIONS = YES;
				CLANG_ANALYZER_NONNULL = YES;
				CLANG_ANALYZER_NUMBER_OBJECT_CONVERSION = YES_AGGRESSIVE;
				CLANG_CXX_LANGUAGE_STANDARD = "gnu++20";
				CLANG_ENABLE_MODULES = YES;
				CLANG_ENABLE_OBJC_ARC = YES;
				CLANG_ENABLE_OBJC_WEAK = YES;
				CLANG_WARN_BLOCK_CAPTURE_AUTORELEASING = YES;
				CLANG_WARN_BOOL_CONVERSION = YES;
				CLANG_WARN_COMMA = YES;
				CLANG_WARN_CONSTANT_CONVERSION = YES;
				CLANG_WARN_DEPRECATED_OBJC_IMPLEMENTATIONS = YES;
				CLANG_WARN_DIRECT_OBJC_ISA_USAGE = YES_ERROR;
				CLANG_WARN_DOCUMENTATION_COMMENTS = YES;
				CLANG_WARN_EMPTY_BODY = YES;
				CLANG_WARN_ENUM_CONVERSION = YES;
				CLANG_WARN_INFINITE_RECURSION = YES;
				CLANG_WARN_INT_CONVERSION = YES;
				CLANG_WARN_NON_LITERAL_NULL_CONVERSION = YES;
				CLANG_WARN_OBJC_IMPLICIT_RETAIN_SELF = YES;
				CLANG_WARN_OBJC_LITERAL_CONVERSION = YES;
				CLANG_WARN_OBJC_ROOT_CLASS = YES_ERROR;
				CLANG_WARN_QUOTED_INCLUDE_IN_FRAMEWORK_HEADER = YES;
				CLANG_WARN_RANGE_LOOP_ANALYSIS = YES;
				CLANG_WARN_STRICT_PROTOTYPES = YES;
				CLANG_WARN_SUSPICIOUS_MOVE = YES;
				CLANG_WARN_UNGUARDED_AVAILABILITY = YES_AGGRESSIVE;
				CLANG_WARN_UNREACHABLE_CODE = YES;
				CLANG_WARN__DUPLICATE_METHOD_MATCH = YES;
				COPY_PHASE_STRIP = NO;
				DEBUG_INFORMATION_FORMAT = "dwarf-with-dsym";
				ENABLE_NS_ASSERTIONS = NO;
				ENABLE_STRICT_OBJC_MSGSEND = YES;
				ENABLE_USER_SCRIPT_SANDBOXING = YES;
				GCC_C_LANGUAGE_STANDARD = gnu17;
				GCC_NO_COMMON_BLOCKS = YES;
				GCC_WARN_64_TO_32_BIT_CONVERSION = YES;
				GCC_WARN_ABOUT_RETURN_TYPE = YES_ERROR;
				GCC_WARN_UNDECLARED_SELECTOR = YES;
				GCC_WARN_UNINITIALIZED_AUTOS = YES_AGGRESSIVE;
				GCC_WARN_UNUSED_FUNCTION = YES;
				GCC_WARN_UNUSED_VARIABLE = YES;
				IPHONEOS_DEPLOYMENT_TARGET = 18.5;
				LOCALIZATION_PREFERS_STRING_CATALOGS = YES;
				MTL_ENABLE_DEBUG_INFO = NO;
				MTL_FAST_MATH = YES;
				SDKROOT = iphoneos;
				SWIFT_COMPILATION_MODE = wholemodule;
				VALIDATE_PRODUCT = YES;
			};
			name = Release;
		};
		F5CB0AA42E2F469900C27A78 /* Debug */ = {
			isa = XCBuildConfiguration;
			buildSettings = {
				BUNDLE_LOADER = "$(TEST_HOST)";
				CODE_SIGN_STYLE = Automatic;
				CURRENT_PROJECT_VERSION = 1;
				GENERATE_INFOPLIST_FILE = YES;
				IPHONEOS_DEPLOYMENT_TARGET = 18.5;
				MARKETING_VERSION = 1.0;
				PRODUCT_BUNDLE_IDENTIFIER = com.yatish.ApplePieTests;
				PRODUCT_NAME = "$(TARGET_NAME)";
				SWIFT_EMIT_LOC_STRINGS = NO;
				SWIFT_VERSION = 5.0;
				TARGETED_DEVICE_FAMILY = "1,2";
				TEST_HOST = "$(BUILT_PRODUCTS_DIR)/ApplePie.app/$(BUNDLE_EXECUTABLE_FOLDER_PATH)/ApplePie";
			};
			name = Debug;
		};
		F5CB0AA52E2F469900C27A78 /* Release */ = {
			isa = XCBuildConfiguration;
			buildSettings = {
				BUNDLE_LOADER = "$(TEST_HOST)";
				CODE_SIGN_STYLE = Automatic;
				CURRENT_PROJECT_VERSION = 1;
				GENERATE_INFOPLIST_FILE = YES;
				IPHONEOS_DEPLOYMENT_TARGET = 18.5;
				MARKETING_VERSION = 1.0;
				PRODUCT_BUNDLE_IDENTIFIER = com.yatish.ApplePieTests;
				PRODUCT_NAME = "$(TARGET_NAME)";
				SWIFT_EMIT_LOC_STRINGS = NO;
				SWIFT_VERSION = 5.0;
				TARGETED_DEVICE_FAMILY = "1,2";
				TEST_HOST = "$(BUILT_PRODUCTS_DIR)/ApplePie.app/$(BUNDLE_EXECUTABLE_FOLDER_PATH)/ApplePie";
			};
			name = Release;
		};
		F5CB0AA72E2F469900C27A78 /* Debug */ = {
			isa = XCBuildConfiguration;
			buildSettings = {
				CODE_SIGN_STYLE = Automatic;
				CURRENT_PROJECT_VERSION = 1;
				GENERATE_INFOPLIST_FILE = YES;
				MARKETING_VERSION = 1.0;
				PRODUCT_BUNDLE_IDENTIFIER = com.yatish.ApplePieUITests;
				PRODUCT_NAME = "$(TARGET_NAME)";
				SWIFT_EMIT_LOC_STRINGS = NO;
				SWIFT_VERSION = 5.0;
				TARGETED_DEVICE_FAMILY = "1,2";
				TEST_TARGET_NAME = ApplePie;
			};
			name = Debug;
		};
		F5CB0AA82E2F469900C27A78 /* Release */ = {
			isa = XCBuildConfiguration;
			buildSettings = {
				CODE_SIGN_STYLE = Automatic;
				CURRENT_PROJECT_VERSION = 1;
				GENERATE_INFOPLIST_FILE = YES;
				MARKETING_VERSION = 1.0;
				PRODUCT_BUNDLE_IDENTIFIER = com.yatish.ApplePieUITests;
				PRODUCT_NAME = "$(TARGET_NAME)";
				SWIFT_EMIT_LOC_STRINGS = NO;
				SWIFT_VERSION = 5.0;
				TARGETED_DEVICE_FAMILY = "1,2";
				TEST_TARGET_NAME = ApplePie;
			};
			name = Release;
		};
/* End XCBuildConfiguration section */

/* Begin XCConfigurationList section */
		F5CB0A702E2F469800C27A78 /* Build configuration list for PBXProject "ApplePie" */ = {
			isa = XCConfigurationList;
			buildConfigurations = (
				F5CB0AA12E2F469900C27A78 /* Debug */,
				F5CB0AA22E2F469900C27A78 /* Release */,
			);
			defaultConfigurationIsVisible = 0;
			defaultConfigurationName = Release;
		};
		F5CB0A9E2E2F469900C27A78 /* Build configuration list for PBXNativeTarget "ApplePie" */ = {
			isa = XCConfigurationList;
			buildConfigurations = (
				F5CB0A9F2E2F469900C27A78 /* Debug */,
				F5CB0AA02E2F469900C27A78 /* Release */,
			);
			defaultConfigurationIsVisible = 0;
			defaultConfigurationName = Release;
		};
		F5CB0AA32E2F469900C27A78 /* Build configuration list for PBXNativeTarget "ApplePieTests" */ = {
			isa = XCConfigurationList;
			buildConfigurations = (
				F5CB0AA42E2F469900C27A78 /* Debug */,
				F5CB0AA52E2F469900C27A78 /* Release */,
			);
			defaultConfigurationIsVisible = 0;
			defaultConfigurationName = Release;
		};
		F5CB0AA62E2F469900C27A78 /* Build configuration list for PBXNativeTarget "ApplePieUITests" */ = {
			isa = XCConfigurationList;
			buildConfigurations = (
				F5CB0AA72E2F469900C27A78 /* Debug */,
				F5CB0AA82E2F469900C27A78 /* Release */,
			);
			defaultConfigurationIsVisible = 0;
			defaultConfigurationName = Release;
		};
/* End XCConfigurationList section */
	};
	rootObject = F5CB0A6D2E2F469800C27A78 /* Project object */;
}
